
Microsoft Visual Studio Solution File, Format Version 12.00
# Visual Studio Version 16
VisualStudioVersion = 16.0.31624.102
MinimumVisualStudioVersion = 10.0.40219.1
Project("{FAE04EC0-301F-11D3-BF4B-00C04F79EFBC}") = "FirstTask", "FirstTask\FirstTask.csproj", "{9E165605-0291-4258-98EA-DE292FED7843}"
EndProject
Global
	GlobalSection(SolutionConfigurationPlatforms) = preSolution
		Debug|Any CPU = Debug|Any CPU
		Release|Any CPU = Release|Any CPU
	EndGlobalSection
	GlobalSection(ProjectConfigurationPlatforms) = postSolution
		{9E165605-0291-4258-98EA-DE292FED7843}.Debug|Any CPU.ActiveCfg = Debug|Any CPU
		{9E165605-0291-4258-98EA-DE292FED7843}.Debug|Any CPU.Build.0 = Debug|Any CPU
		{9E165605-0291-4258-98EA-DE292FED7843}.Release|Any CPU.ActiveCfg = Release|Any CPU
		{9E165605-0291-4258-98EA-DE292FED7843}.Release|Any CPU.Build.0 = Release|Any CPU
	EndGlobalSection
	GlobalSection(SolutionProperties) = preSolution
		HideSolutionNode = FALSE
	EndGlobalSection
	GlobalSection(ExtensibilityGlobals) = postSolution
		SolutionGuid = {8AC0920E-2B15-4156-AF13-AFE360461D9C}
	EndGlobalSection
EndGlobal
